
Microsoft Visual Studio Solution File, Format Version 12.00
# Visual Studio Version 17
VisualStudioVersion = 17.4.33205.214
MinimumVisualStudioVersion = 10.0.40219.1
Project("{FAE04EC0-301F-11D3-BF4B-00C04F79EFBC}") = "Projeto_teste", "Projeto_teste\Projeto_teste.csproj", "{3030E100-2DBA-4F9F-A422-EA4901E611BF}"
EndProject
Project("{FAE04EC0-301F-11D3-BF4B-00C04F79EFBC}") = "TesteMSTest", "TesteMSTest\TesteMSTest.csproj", "{4237B020-092B-4F43-8064-661F81FEA1A2}"
EndProject
Project("{FAE04EC0-301F-11D3-BF4B-00C04F79EFBC}") = "TesteXUnit", "TesteXUnit\TesteXUnit.csproj", "{4A495E08-99BA-4F76-9B30-DB4E1B3E7117}"
EndProject
Global
	GlobalSection(SolutionConfigurationPlatforms) = preSolution
		Debug|Any CPU = Debug|Any CPU
		Release|Any CPU = Release|Any CPU
	EndGlobalSection
	GlobalSection(ProjectConfigurationPlatforms) = postSolution
		{3030E100-2DBA-4F9F-A422-EA4901E611BF}.Debug|Any CPU.ActiveCfg = Debug|Any CPU
		{3030E100-2DBA-4F9F-A422-EA4901E611BF}.Debug|Any CPU.Build.0 = Debug|Any CPU
		{3030E100-2DBA-4F9F-A422-EA4901E611BF}.Release|Any CPU.ActiveCfg = Release|Any CPU
		{3030E100-2DBA-4F9F-A422-EA4901E611BF}.Release|Any CPU.Build.0 = Release|Any CPU
		{4237B020-092B-4F43-8064-661F81FEA1A2}.Debug|Any CPU.ActiveCfg = Debug|Any CPU
		{4237B020-092B-4F43-8064-661F81FEA1A2}.Debug|Any CPU.Build.0 = Debug|Any CPU
		{4237B020-092B-4F43-8064-661F81FEA1A2}.Release|Any CPU.ActiveCfg = Release|Any CPU
		{4237B020-092B-4F43-8064-661F81FEA1A2}.Release|Any CPU.Build.0 = Release|Any CPU
		{4A495E08-99BA-4F76-9B30-DB4E1B3E7117}.Debug|Any CPU.ActiveCfg = Debug|Any CPU
		{4A495E08-99BA-4F76-9B30-DB4E1B3E7117}.Debug|Any CPU.Build.0 = Debug|Any CPU
		{4A495E08-99BA-4F76-9B30-DB4E1B3E7117}.Release|Any CPU.ActiveCfg = Release|Any CPU
		{4A495E08-99BA-4F76-9B30-DB4E1B3E7117}.Release|Any CPU.Build.0 = Release|Any CPU
	EndGlobalSection
	GlobalSection(SolutionProperties) = preSolution
		HideSolutionNode = FALSE
	EndGlobalSection
	GlobalSection(ExtensibilityGlobals) = postSolution
		SolutionGuid = {528EF031-0B31-4138-8546-7B8A5D2A3370}
	EndGlobalSection
EndGlobal
